// !$*UTF8*$!
{
	archiveVersion = 1;
	classes = {
	};
	objectVersion = 55;
	objects = {

/* Begin PBXBuildFile section */
		7349809E273AA16A00E1EE48 /* TestError.swift in Sources */ = {isa = PBXBuildFile; fileRef = 7349809D273AA16A00E1EE48 /* TestError.swift */; };
		73A099932718C84A00D2C453 /* TalkToFelixApp.swift in Sources */ = {isa = PBXBuildFile; fileRef = 73A099922718C84A00D2C453 /* TalkToFelixApp.swift */; };
		73A099952718C84A00D2C453 /* ConversationView.swift in Sources */ = {isa = PBXBuildFile; fileRef = 73A099942718C84A00D2C453 /* ConversationView.swift */; };
		73A099972718C84B00D2C453 /* Assets.xcassets in Resources */ = {isa = PBXBuildFile; fileRef = 73A099962718C84B00D2C453 /* Assets.xcassets */; };
		73A0999A2718C84B00D2C453 /* Preview Assets.xcassets in Resources */ = {isa = PBXBuildFile; fileRef = 73A099992718C84B00D2C453 /* Preview Assets.xcassets */; };
		73A099C22718C98200D2C453 /* User.swift in Sources */ = {isa = PBXBuildFile; fileRef = 73A099C12718C98200D2C453 /* User.swift */; };
		73A099C42718CB9900D2C453 /* Voice.swift in Sources */ = {isa = PBXBuildFile; fileRef = 73A099C32718CB9900D2C453 /* Voice.swift */; };
		73B5182627385D3300D667F4 /* ConversationViewModelTests.swift in Sources */ = {isa = PBXBuildFile; fileRef = 73B5182527385D3300D667F4 /* ConversationViewModelTests.swift */; };
		73C5FB04274C858200C4E2B8 /* ResultToCurrentValueSubjectConverterTests.swift in Sources */ = {isa = PBXBuildFile; fileRef = 73C5FB03274C858200C4E2B8 /* ResultToCurrentValueSubjectConverterTests.swift */; };
		73C5FB07274C90A800C4E2B8 /* ResultToCurrentValueConverter.swift in Sources */ = {isa = PBXBuildFile; fileRef = 73C5FB06274C90A800C4E2B8 /* ResultToCurrentValueConverter.swift */; };
		73C5FB092751B19000C4E2B8 /* RecordingView.swift in Sources */ = {isa = PBXBuildFile; fileRef = 73C5FB082751B19000C4E2B8 /* RecordingView.swift */; };
		80AD138A56FC5EDFDF4BEE04 /* MockDatabase.swift in Sources */ = {isa = PBXBuildFile; fileRef = 80AD1E645142B204042E3CC1 /* MockDatabase.swift */; };
		80AD17DCB9B75E09E2513225 /* ConversationViewModel.swift in Sources */ = {isa = PBXBuildFile; fileRef = 80AD195AA6570C5374C7F697 /* ConversationViewModel.swift */; };
		80AD1C8963A44AFAC14278F4 /* ThisUser.swift in Sources */ = {isa = PBXBuildFile; fileRef = 80AD194CC672485E2C4399B7 /* ThisUser.swift */; };
		80AD1E9EBC4CCB4A7A972D63 /* Database.swift in Sources */ = {isa = PBXBuildFile; fileRef = 80AD1003291428CBED7EC18F /* Database.swift */; };
/* End PBXBuildFile section */

/* Begin PBXContainerItemProxy section */
		73A099A02718C84B00D2C453 /* PBXContainerItemProxy */ = {
			isa = PBXContainerItemProxy;
			containerPortal = 73A099872718C84A00D2C453 /* Project object */;
			proxyType = 1;
			remoteGlobalIDString = 73A0998E2718C84A00D2C453;
			remoteInfo = TalkToFelix;
		};
/* End PBXContainerItemProxy section */

/* Begin PBXFileReference section */
		7349809D273AA16A00E1EE48 /* TestError.swift */ = {isa = PBXFileReference; lastKnownFileType = sourcecode.swift; path = TestError.swift; sourceTree = "<group>"; };
		73A0998F2718C84A00D2C453 /* TalkToFelix.app */ = {isa = PBXFileReference; explicitFileType = wrapper.application; includeInIndex = 0; path = TalkToFelix.app; sourceTree = BUILT_PRODUCTS_DIR; };
		73A099922718C84A00D2C453 /* TalkToFelixApp.swift */ = {isa = PBXFileReference; lastKnownFileType = sourcecode.swift; path = TalkToFelixApp.swift; sourceTree = "<group>"; };
		73A099942718C84A00D2C453 /* ConversationView.swift */ = {isa = PBXFileReference; lastKnownFileType = sourcecode.swift; path = ConversationView.swift; sourceTree = "<group>"; };
		73A099962718C84B00D2C453 /* Assets.xcassets */ = {isa = PBXFileReference; lastKnownFileType = folder.assetcatalog; path = Assets.xcassets; sourceTree = "<group>"; };
		73A099992718C84B00D2C453 /* Preview Assets.xcassets */ = {isa = PBXFileReference; lastKnownFileType = folder.assetcatalog; path = "Preview Assets.xcassets"; sourceTree = "<group>"; };
		73A0999F2718C84B00D2C453 /* TalkToFelixTests.xctest */ = {isa = PBXFileReference; explicitFileType = wrapper.cfbundle; includeInIndex = 0; path = TalkToFelixTests.xctest; sourceTree = BUILT_PRODUCTS_DIR; };
		73A099C12718C98200D2C453 /* User.swift */ = {isa = PBXFileReference; lastKnownFileType = sourcecode.swift; path = User.swift; sourceTree = "<group>"; };
		73A099C32718CB9900D2C453 /* Voice.swift */ = {isa = PBXFileReference; lastKnownFileType = sourcecode.swift; path = Voice.swift; sourceTree = "<group>"; };
		73B5182527385D3300D667F4 /* ConversationViewModelTests.swift */ = {isa = PBXFileReference; lastKnownFileType = sourcecode.swift; path = ConversationViewModelTests.swift; sourceTree = "<group>"; };
		73C5FB03274C858200C4E2B8 /* ResultToCurrentValueSubjectConverterTests.swift */ = {isa = PBXFileReference; lastKnownFileType = sourcecode.swift; path = ResultToCurrentValueSubjectConverterTests.swift; sourceTree = "<group>"; };
		73C5FB06274C90A800C4E2B8 /* ResultToCurrentValueConverter.swift */ = {isa = PBXFileReference; lastKnownFileType = sourcecode.swift; path = ResultToCurrentValueConverter.swift; sourceTree = "<group>"; };
		73C5FB082751B19000C4E2B8 /* RecordingView.swift */ = {isa = PBXFileReference; lastKnownFileType = sourcecode.swift; path = RecordingView.swift; sourceTree = "<group>"; };
		80AD1003291428CBED7EC18F /* Database.swift */ = {isa = PBXFileReference; fileEncoding = 4; lastKnownFileType = sourcecode.swift; path = Database.swift; sourceTree = "<group>"; };
		80AD194CC672485E2C4399B7 /* ThisUser.swift */ = {isa = PBXFileReference; fileEncoding = 4; lastKnownFileType = sourcecode.swift; path = ThisUser.swift; sourceTree = "<group>"; };
		80AD195AA6570C5374C7F697 /* ConversationViewModel.swift */ = {isa = PBXFileReference; fileEncoding = 4; lastKnownFileType = sourcecode.swift; path = ConversationViewModel.swift; sourceTree = "<group>"; };
		80AD1E645142B204042E3CC1 /* MockDatabase.swift */ = {isa = PBXFileReference; fileEncoding = 4; lastKnownFileType = sourcecode.swift; path = MockDatabase.swift; sourceTree = "<group>"; };
/* End PBXFileReference section */

/* Begin PBXFrameworksBuildPhase section */
		73A0998C2718C84A00D2C453 /* Frameworks */ = {
			isa = PBXFrameworksBuildPhase;
			buildActionMask = 2147483647;
			files = (
			);
			runOnlyForDeploymentPostprocessing = 0;
		};
		73A0999C2718C84B00D2C453 /* Frameworks */ = {
			isa = PBXFrameworksBuildPhase;
			buildActionMask = 2147483647;
			files = (
			);
			runOnlyForDeploymentPostprocessing = 0;
		};
/* End PBXFrameworksBuildPhase section */

/* Begin PBXGroup section */
		73A099862718C84A00D2C453 = {
			isa = PBXGroup;
			children = (
				73A099912718C84A00D2C453 /* TalkToFelix */,
				73A099A22718C84B00D2C453 /* TalkToFelixTests */,
				73A099902718C84A00D2C453 /* Products */,
			);
			sourceTree = "<group>";
		};
		73A099902718C84A00D2C453 /* Products */ = {
			isa = PBXGroup;
			children = (
				73A0998F2718C84A00D2C453 /* TalkToFelix.app */,
				73A0999F2718C84B00D2C453 /* TalkToFelixTests.xctest */,
			);
			name = Products;
			sourceTree = "<group>";
		};
		73A099912718C84A00D2C453 /* TalkToFelix */ = {
			isa = PBXGroup;
			children = (
				73C5FB05274C905B00C4E2B8 /* TypeConverters */,
				73A099922718C84A00D2C453 /* TalkToFelixApp.swift */,
				73A099BC2718C86800D2C453 /* Views */,
				73A099BD2718C88800D2C453 /* ViewModels */,
				73A099BE2718C89500D2C453 /* Models */,
				80AD1CECF0DAD49A9996478A /* Backend */,
				73A099962718C84B00D2C453 /* Assets.xcassets */,
				73A099982718C84B00D2C453 /* Preview Content */,
			);
			path = TalkToFelix;
			sourceTree = "<group>";
		};
		73A099982718C84B00D2C453 /* Preview Content */ = {
			isa = PBXGroup;
			children = (
				73A099992718C84B00D2C453 /* Preview Assets.xcassets */,
			);
			path = "Preview Content";
			sourceTree = "<group>";
		};
		73A099A22718C84B00D2C453 /* TalkToFelixTests */ = {
			isa = PBXGroup;
			children = (
				73B5182527385D3300D667F4 /* ConversationViewModelTests.swift */,
				7349809D273AA16A00E1EE48 /* TestError.swift */,
				73C5FB03274C858200C4E2B8 /* ResultToCurrentValueSubjectConverterTests.swift */,
			);
			path = TalkToFelixTests;
			sourceTree = "<group>";
		};
		73A099BC2718C86800D2C453 /* Views */ = {
			isa = PBXGroup;
			children = (
				73A099942718C84A00D2C453 /* ConversationView.swift */,
				73C5FB082751B19000C4E2B8 /* RecordingView.swift */,
			);
			path = Views;
			sourceTree = "<group>";
		};
		73A099BD2718C88800D2C453 /* ViewModels */ = {
			isa = PBXGroup;
			children = (
				80AD195AA6570C5374C7F697 /* ConversationViewModel.swift */,
			);
			path = ViewModels;
			sourceTree = "<group>";
		};
		73A099BE2718C89500D2C453 /* Models */ = {
			isa = PBXGroup;
			children = (
				73A099C12718C98200D2C453 /* User.swift */,
				73A099C32718CB9900D2C453 /* Voice.swift */,
				80AD194CC672485E2C4399B7 /* ThisUser.swift */,
			);
			path = Models;
			sourceTree = "<group>";
		};
		73C5FB05274C905B00C4E2B8 /* TypeConverters */ = {
			isa = PBXGroup;
			children = (
				73C5FB06274C90A800C4E2B8 /* ResultToCurrentValueConverter.swift */,
			);
			path = TypeConverters;
			sourceTree = "<group>";
		};
		80AD1CECF0DAD49A9996478A /* Backend */ = {
			isa = PBXGroup;
			children = (
				80AD1003291428CBED7EC18F /* Database.swift */,
				80AD1E645142B204042E3CC1 /* MockDatabase.swift */,
			);
			path = Backend;
			sourceTree = "<group>";
		};
/* End PBXGroup section */

/* Begin PBXNativeTarget section */
		73A0998E2718C84A00D2C453 /* TalkToFelix */ = {
			isa = PBXNativeTarget;
			buildConfigurationList = 73A099B32718C84B00D2C453 /* Build configuration list for PBXNativeTarget "TalkToFelix" */;
			buildPhases = (
				73A0998B2718C84A00D2C453 /* Sources */,
				73A0998C2718C84A00D2C453 /* Frameworks */,
				73A0998D2718C84A00D2C453 /* Resources */,
			);
			buildRules = (
			);
			dependencies = (
			);
			name = TalkToFelix;
			productName = TalkToFelix;
			productReference = 73A0998F2718C84A00D2C453 /* TalkToFelix.app */;
			productType = "com.apple.product-type.application";
		};
		73A0999E2718C84B00D2C453 /* TalkToFelixTests */ = {
			isa = PBXNativeTarget;
			buildConfigurationList = 73A099B62718C84B00D2C453 /* Build configuration list for PBXNativeTarget "TalkToFelixTests" */;
			buildPhases = (
				73A0999B2718C84B00D2C453 /* Sources */,
				73A0999C2718C84B00D2C453 /* Frameworks */,
				73A0999D2718C84B00D2C453 /* Resources */,
			);
			buildRules = (
			);
			dependencies = (
				73A099A12718C84B00D2C453 /* PBXTargetDependency */,
			);
			name = TalkToFelixTests;
			productName = TalkToFelixTests;
			productReference = 73A0999F2718C84B00D2C453 /* TalkToFelixTests.xctest */;
			productType = "com.apple.product-type.bundle.unit-test";
		};
/* End PBXNativeTarget section */

/* Begin PBXProject section */
		73A099872718C84A00D2C453 /* Project object */ = {
			isa = PBXProject;
			attributes = {
				BuildIndependentTargetsInParallel = 1;
				LastSwiftUpdateCheck = 1300;
				LastUpgradeCheck = 1300;
				TargetAttributes = {
					73A0998E2718C84A00D2C453 = {
						CreatedOnToolsVersion = 13.0;
					};
					73A0999E2718C84B00D2C453 = {
						CreatedOnToolsVersion = 13.0;
						TestTargetID = 73A0998E2718C84A00D2C453;
					};
				};
			};
			buildConfigurationList = 73A0998A2718C84A00D2C453 /* Build configuration list for PBXProject "TalkToFelix" */;
			compatibilityVersion = "Xcode 13.0";
			developmentRegion = en;
			hasScannedForEncodings = 0;
			knownRegions = (
				en,
				Base,
			);
			mainGroup = 73A099862718C84A00D2C453;
			productRefGroup = 73A099902718C84A00D2C453 /* Products */;
			projectDirPath = "";
			projectRoot = "";
			targets = (
				73A0998E2718C84A00D2C453 /* TalkToFelix */,
				73A0999E2718C84B00D2C453 /* TalkToFelixTests */,
			);
		};
/* End PBXProject section */

/* Begin PBXResourcesBuildPhase section */
		73A0998D2718C84A00D2C453 /* Resources */ = {
			isa = PBXResourcesBuildPhase;
			buildActionMask = 2147483647;
			files = (
				73A0999A2718C84B00D2C453 /* Preview Assets.xcassets in Resources */,
				73A099972718C84B00D2C453 /* Assets.xcassets in Resources */,
			);
			runOnlyForDeploymentPostprocessing = 0;
		};
		73A0999D2718C84B00D2C453 /* Resources */ = {
			isa = PBXResourcesBuildPhase;
			buildActionMask = 2147483647;
			files = (
			);
			runOnlyForDeploymentPostprocessing = 0;
		};
/* End PBXResourcesBuildPhase section */

/* Begin PBXSourcesBuildPhase section */
		73A0998B2718C84A00D2C453 /* Sources */ = {
			isa = PBXSourcesBuildPhase;
			buildActionMask = 2147483647;
			files = (
				73A099C42718CB9900D2C453 /* Voice.swift in Sources */,
				73A099952718C84A00D2C453 /* ConversationView.swift in Sources */,
				73A099932718C84A00D2C453 /* TalkToFelixApp.swift in Sources */,
				73A099C22718C98200D2C453 /* User.swift in Sources */,
				80AD1C8963A44AFAC14278F4 /* ThisUser.swift in Sources */,
				73C5FB092751B19000C4E2B8 /* RecordingView.swift in Sources */,
				80AD1E9EBC4CCB4A7A972D63 /* Database.swift in Sources */,
				80AD17DCB9B75E09E2513225 /* ConversationViewModel.swift in Sources */,
				73C5FB07274C90A800C4E2B8 /* ResultToCurrentValueConverter.swift in Sources */,
				80AD138A56FC5EDFDF4BEE04 /* MockDatabase.swift in Sources */,
			);
			runOnlyForDeploymentPostprocessing = 0;
		};
		73A0999B2718C84B00D2C453 /* Sources */ = {
			isa = PBXSourcesBuildPhase;
			buildActionMask = 2147483647;
			files = (
				7349809E273AA16A00E1EE48 /* TestError.swift in Sources */,
				73C5FB04274C858200C4E2B8 /* ResultToCurrentValueSubjectConverterTests.swift in Sources */,
				73B5182627385D3300D667F4 /* ConversationViewModelTests.swift in Sources */,
			);
			runOnlyForDeploymentPostprocessing = 0;
		};
/* End PBXSourcesBuildPhase section */

/* Begin PBXTargetDependency section */
		73A099A12718C84B00D2C453 /* PBXTargetDependency */ = {
			isa = PBXTargetDependency;
			target = 73A0998E2718C84A00D2C453 /* TalkToFelix */;
			targetProxy = 73A099A02718C84B00D2C453 /* PBXContainerItemProxy */;
		};
/* End PBXTargetDependency section */

/* Begin XCBuildConfiguration section */
		73A099B12718C84B00D2C453 /* Debug */ = {
			isa = XCBuildConfiguration;
			buildSettings = {
				ALWAYS_SEARCH_USER_PATHS = NO;
				CLANG_ANALYZER_NONNULL = YES;
				CLANG_ANALYZER_NUMBER_OBJECT_CONVERSION = YES_AGGRESSIVE;
				CLANG_CXX_LANGUAGE_STANDARD = "gnu++17";
				CLANG_CXX_LIBRARY = "libc++";
				CLANG_ENABLE_MODULES = YES;
				CLANG_ENABLE_OBJC_ARC = YES;
				CLANG_ENABLE_OBJC_WEAK = YES;
				CLANG_WARN_BLOCK_CAPTURE_AUTORELEASING = YES;
				CLANG_WARN_BOOL_CONVERSION = YES;
				CLANG_WARN_COMMA = YES;
				CLANG_WARN_CONSTANT_CONVERSION = YES;
				CLANG_WARN_DEPRECATED_OBJC_IMPLEMENTATIONS = YES;
				CLANG_WARN_DIRECT_OBJC_ISA_USAGE = YES_ERROR;
				CLANG_WARN_DOCUMENTATION_COMMENTS = YES;
				CLANG_WARN_EMPTY_BODY = YES;
				CLANG_WARN_ENUM_CONVERSION = YES;
				CLANG_WARN_INFINITE_RECURSION = YES;
				CLANG_WARN_INT_CONVERSION = YES;
				CLANG_WARN_NON_LITERAL_NULL_CONVERSION = YES;
				CLANG_WARN_OBJC_IMPLICIT_RETAIN_SELF = YES;
				CLANG_WARN_OBJC_LITERAL_CONVERSION = YES;
				CLANG_WARN_OBJC_ROOT_CLASS = YES_ERROR;
				CLANG_WARN_QUOTED_INCLUDE_IN_FRAMEWORK_HEADER = YES;
				CLANG_WARN_RANGE_LOOP_ANALYSIS = YES;
				CLANG_WARN_STRICT_PROTOTYPES = YES;
				CLANG_WARN_SUSPICIOUS_MOVE = YES;
				CLANG_WARN_UNGUARDED_AVAILABILITY = YES_AGGRESSIVE;
				CLANG_WARN_UNREACHABLE_CODE = YES;
				CLANG_WARN__DUPLICATE_METHOD_MATCH = YES;
				COPY_PHASE_STRIP = NO;
				DEBUG_INFORMATION_FORMAT = dwarf;
				ENABLE_STRICT_OBJC_MSGSEND = YES;
				ENABLE_TESTABILITY = YES;
				GCC_C_LANGUAGE_STANDARD = gnu11;
				GCC_DYNAMIC_NO_PIC = NO;
				GCC_NO_COMMON_BLOCKS = YES;
				GCC_OPTIMIZATION_LEVEL = 0;
				GCC_PREPROCESSOR_DEFINITIONS = (
					"DEBUG=1",
					"$(inherited)",
				);
				GCC_WARN_64_TO_32_BIT_CONVERSION = YES;
				GCC_WARN_ABOUT_RETURN_TYPE = YES_ERROR;
				GCC_WARN_UNDECLARED_SELECTOR = YES;
				GCC_WARN_UNINITIALIZED_AUTOS = YES_AGGRESSIVE;
				GCC_WARN_UNUSED_FUNCTION = YES;
				GCC_WARN_UNUSED_VARIABLE = YES;
				IPHONEOS_DEPLOYMENT_TARGET = 15.0;
				MTL_ENABLE_DEBUG_INFO = INCLUDE_SOURCE;
				MTL_FAST_MATH = YES;
				ONLY_ACTIVE_ARCH = YES;
				SDKROOT = iphoneos;
				SWIFT_ACTIVE_COMPILATION_CONDITIONS = DEBUG;
				SWIFT_OPTIMIZATION_LEVEL = "-Onone";
			};
			name = Debug;
		};
		73A099B22718C84B00D2C453 /* Release */ = {
			isa = XCBuildConfiguration;
			buildSettings = {
				ALWAYS_SEARCH_USER_PATHS = NO;
				CLANG_ANALYZER_NONNULL = YES;
				CLANG_ANALYZER_NUMBER_OBJECT_CONVERSION = YES_AGGRESSIVE;
				CLANG_CXX_LANGUAGE_STANDARD = "gnu++17";
				CLANG_CXX_LIBRARY = "libc++";
				CLANG_ENABLE_MODULES = YES;
				CLANG_ENABLE_OBJC_ARC = YES;
				CLANG_ENABLE_OBJC_WEAK = YES;
				CLANG_WARN_BLOCK_CAPTURE_AUTORELEASING = YES;
				CLANG_WARN_BOOL_CONVERSION = YES;
				CLANG_WARN_COMMA = YES;
				CLANG_WARN_CONSTANT_CONVERSION = YES;
				CLANG_WARN_DEPRECATED_OBJC_IMPLEMENTATIONS = YES;
				CLANG_WARN_DIRECT_OBJC_ISA_USAGE = YES_ERROR;
				CLANG_WARN_DOCUMENTATION_COMMENTS = YES;
				CLANG_WARN_EMPTY_BODY = YES;
				CLANG_WARN_ENUM_CONVERSION = YES;
				CLANG_WARN_INFINITE_RECURSION = YES;
				CLANG_WARN_INT_CONVERSION = YES;
				CLANG_WARN_NON_LITERAL_NULL_CONVERSION = YES;
				CLANG_WARN_OBJC_IMPLICIT_RETAIN_SELF = YES;
				CLANG_WARN_OBJC_LITERAL_CONVERSION = YES;
				CLANG_WARN_OBJC_ROOT_CLASS = YES_ERROR;
				CLANG_WARN_QUOTED_INCLUDE_IN_FRAMEWORK_HEADER = YES;
				CLANG_WARN_RANGE_LOOP_ANALYSIS = YES;
				CLANG_WARN_STRICT_PROTOTYPES = YES;
				CLANG_WARN_SUSPICIOUS_MOVE = YES;
				CLANG_WARN_UNGUARDED_AVAILABILITY = YES_AGGRESSIVE;
				CLANG_WARN_UNREACHABLE_CODE = YES;
				CLANG_WARN__DUPLICATE_METHOD_MATCH = YES;
				COPY_PHASE_STRIP = NO;
				DEBUG_INFORMATION_FORMAT = "dwarf-with-dsym";
				ENABLE_NS_ASSERTIONS = NO;
				ENABLE_STRICT_OBJC_MSGSEND = YES;
				GCC_C_LANGUAGE_STANDARD = gnu11;
				GCC_NO_COMMON_BLOCKS = YES;
				GCC_WARN_64_TO_32_BIT_CONVERSION = YES;
				GCC_WARN_ABOUT_RETURN_TYPE = YES_ERROR;
				GCC_WARN_UNDECLARED_SELECTOR = YES;
				GCC_WARN_UNINITIALIZED_AUTOS = YES_AGGRESSIVE;
				GCC_WARN_UNUSED_FUNCTION = YES;
				GCC_WARN_UNUSED_VARIABLE = YES;
				IPHONEOS_DEPLOYMENT_TARGET = 15.0;
				MTL_ENABLE_DEBUG_INFO = NO;
				MTL_FAST_MATH = YES;
				SDKROOT = iphoneos;
				SWIFT_COMPILATION_MODE = wholemodule;
				SWIFT_OPTIMIZATION_LEVEL = "-O";
				VALIDATE_PRODUCT = YES;
			};
			name = Release;
		};
		73A099B42718C84B00D2C453 /* Debug */ = {
			isa = XCBuildConfiguration;
			buildSettings = {
				ASSETCATALOG_COMPILER_APPICON_NAME = AppIcon;
				ASSETCATALOG_COMPILER_GLOBAL_ACCENT_COLOR_NAME = AccentColor;
				CODE_SIGN_STYLE = Automatic;
				CURRENT_PROJECT_VERSION = 1;
				DEVELOPMENT_ASSET_PATHS = "\"TalkToFelix/Preview Content\"";
				DEVELOPMENT_TEAM = W26GVS4M5S;
				ENABLE_PREVIEWS = YES;
				GENERATE_INFOPLIST_FILE = YES;
				INFOPLIST_KEY_UIApplicationSceneManifest_Generation = YES;
				INFOPLIST_KEY_UIApplicationSupportsIndirectInputEvents = YES;
				INFOPLIST_KEY_UILaunchScreen_Generation = YES;
				INFOPLIST_KEY_UISupportedInterfaceOrientations_iPad = "UIInterfaceOrientationPortrait UIInterfaceOrientationPortraitUpsideDown UIInterfaceOrientationLandscapeLeft UIInterfaceOrientationLandscapeRight";
				INFOPLIST_KEY_UISupportedInterfaceOrientations_iPhone = "UIInterfaceOrientationPortrait UIInterfaceOrientationLandscapeLeft UIInterfaceOrientationLandscapeRight";
				IPHONEOS_DEPLOYMENT_TARGET = 14.0;
				LD_RUNPATH_SEARCH_PATHS = (
					"$(inherited)",
					"@executable_path/Frameworks",
				);
				MARKETING_VERSION = 1.0;
				PRODUCT_BUNDLE_IDENTIFIER = com.connect.TalkToFelix;
				PRODUCT_NAME = "$(TARGET_NAME)";
				SWIFT_EMIT_LOC_STRINGS = YES;
				SWIFT_VERSION = 5.0;
				TARGETED_DEVICE_FAMILY = "1,2";
			};
			name = Debug;
		};
		73A099B52718C84B00D2C453 /* Release */ = {
			isa = XCBuildConfiguration;
			buildSettings = {
				ASSETCATALOG_COMPILER_APPICON_NAME = AppIcon;
				ASSETCATALOG_COMPILER_GLOBAL_ACCENT_COLOR_NAME = AccentColor;
				CODE_SIGN_STYLE = Automatic;
				CURRENT_PROJECT_VERSION = 1;
				DEVELOPMENT_ASSET_PATHS = "\"TalkToFelix/Preview Content\"";
				DEVELOPMENT_TEAM = W26GVS4M5S;
				ENABLE_PREVIEWS = YES;
				GENERATE_INFOPLIST_FILE = YES;
				INFOPLIST_KEY_UIApplicationSceneManifest_Generation = YES;
				INFOPLIST_KEY_UIApplicationSupportsIndirectInputEvents = YES;
				INFOPLIST_KEY_UILaunchScreen_Generation = YES;
				INFOPLIST_KEY_UISupportedInterfaceOrientations_iPad = "UIInterfaceOrientationPortrait UIInterfaceOrientationPortraitUpsideDown UIInterfaceOrientationLandscapeLeft UIInterfaceOrientationLandscapeRight";
				INFOPLIST_KEY_UISupportedInterfaceOrientations_iPhone = "UIInterfaceOrientationPortrait UIInterfaceOrientationLandscapeLeft UIInterfaceOrientationLandscapeRight";
				IPHONEOS_DEPLOYMENT_TARGET = 14.0;
				LD_RUNPATH_SEARCH_PATHS = (
					"$(inherited)",
					"@executable_path/Frameworks",
				);
				MARKETING_VERSION = 1.0;
				PRODUCT_BUNDLE_IDENTIFIER = com.connect.TalkToFelix;
				PRODUCT_NAME = "$(TARGET_NAME)";
				SWIFT_EMIT_LOC_STRINGS = YES;
				SWIFT_VERSION = 5.0;
				TARGETED_DEVICE_FAMILY = "1,2";
			};
			name = Release;
		};
		73A099B72718C84B00D2C453 /* Debug */ = {
			isa = XCBuildConfiguration;
			buildSettings = {
				ALWAYS_EMBED_SWIFT_STANDARD_LIBRARIES = YES;
				BUNDLE_LOADER = "$(TEST_HOST)";
				CODE_SIGN_STYLE = Automatic;
				CURRENT_PROJECT_VERSION = 1;
				DEVELOPMENT_TEAM = W26GVS4M5S;
				GENERATE_INFOPLIST_FILE = YES;
				IPHONEOS_DEPLOYMENT_TARGET = 14.0;
				LD_RUNPATH_SEARCH_PATHS = (
					"$(inherited)",
					"@executable_path/Frameworks",
					"@loader_path/Frameworks",
				);
				MARKETING_VERSION = 1.0;
				PRODUCT_BUNDLE_IDENTIFIER = com.connect.TalkToFelixTests;
				PRODUCT_NAME = "$(TARGET_NAME)";
				SWIFT_EMIT_LOC_STRINGS = NO;
				SWIFT_VERSION = 5.0;
				TARGETED_DEVICE_FAMILY = "1,2";
				TEST_HOST = "$(BUILT_PRODUCTS_DIR)/TalkToFelix.app/TalkToFelix";
			};
			name = Debug;
		};
		73A099B82718C84B00D2C453 /* Release */ = {
			isa = XCBuildConfiguration;
			buildSettings = {
				ALWAYS_EMBED_SWIFT_STANDARD_LIBRARIES = YES;
				BUNDLE_LOADER = "$(TEST_HOST)";
				CODE_SIGN_STYLE = Automatic;
				CURRENT_PROJECT_VERSION = 1;
				DEVELOPMENT_TEAM = W26GVS4M5S;
				GENERATE_INFOPLIST_FILE = YES;
				IPHONEOS_DEPLOYMENT_TARGET = 14.0;
				LD_RUNPATH_SEARCH_PATHS = (
					"$(inherited)",
					"@executable_path/Frameworks",
					"@loader_path/Frameworks",
				);
				MARKETING_VERSION = 1.0;
				PRODUCT_BUNDLE_IDENTIFIER = com.connect.TalkToFelixTests;
				PRODUCT_NAME = "$(TARGET_NAME)";
				SWIFT_EMIT_LOC_STRINGS = NO;
				SWIFT_VERSION = 5.0;
				TARGETED_DEVICE_FAMILY = "1,2";
				TEST_HOST = "$(BUILT_PRODUCTS_DIR)/TalkToFelix.app/TalkToFelix";
			};
			name = Release;
		};
/* End XCBuildConfiguration section */

/* Begin XCConfigurationList section */
		73A0998A2718C84A00D2C453 /* Build configuration list for PBXProject "TalkToFelix" */ = {
			isa = XCConfigurationList;
			buildConfigurations = (
				73A099B12718C84B00D2C453 /* Debug */,
				73A099B22718C84B00D2C453 /* Release */,
			);
			defaultConfigurationIsVisible = 0;
			defaultConfigurationName = Release;
		};
		73A099B32718C84B00D2C453 /* Build configuration list for PBXNativeTarget "TalkToFelix" */ = {
			isa = XCConfigurationList;
			buildConfigurations = (
				73A099B42718C84B00D2C453 /* Debug */,
				73A099B52718C84B00D2C453 /* Release */,
			);
			defaultConfigurationIsVisible = 0;
			defaultConfigurationName = Release;
		};
		73A099B62718C84B00D2C453 /* Build configuration list for PBXNativeTarget "TalkToFelixTests" */ = {
			isa = XCConfigurationList;
			buildConfigurations = (
				73A099B72718C84B00D2C453 /* Debug */,
				73A099B82718C84B00D2C453 /* Release */,
			);
			defaultConfigurationIsVisible = 0;
			defaultConfigurationName = Release;
		};
/* End XCConfigurationList section */
	};
	rootObject = 73A099872718C84A00D2C453 /* Project object */;
}
